
Microsoft Visual Studio Solution File, Format Version 12.00
# Visual Studio 15
VisualStudioVersion = 15.0.28010.2003
MinimumVisualStudioVersion = 10.0.40219.1
Project("{FAE04EC0-301F-11D3-BF4B-00C04F79EFBC}") = "QUESTION 1", "lab_2\QUESTION 1.csproj", "{CBC138F7-D59A-420F-9EBE-6910B037F0FD}"
EndProject
Project("{FAE04EC0-301F-11D3-BF4B-00C04F79EFBC}") = "QUESTION 1(ii)", "QUESTION 1(ii)\QUESTION 1(ii).csproj", "{B85FB58C-F61D-4619-8353-108A02B45B10}"
EndProject
Project("{FAE04EC0-301F-11D3-BF4B-00C04F79EFBC}") = "QUESTION 2", "QUESTION 2\QUESTION 2.csproj", "{20415E99-A3B5-452F-A4A9-AC4C161EBB98}"
EndProject
Project("{FAE04EC0-301F-11D3-BF4B-00C04F79EFBC}") = "QUESTION 3", "QUESTION 3\QUESTION 3.csproj", "{C4B6F114-111E-4A40-9013-5DD6E6DE3C77}"
EndProject
Project("{FAE04EC0-301F-11D3-BF4B-00C04F79EFBC}") = "QUESTION 4", "QUESTION 4\QUESTION 4.csproj", "{011DF9BD-BB31-4D86-B5AC-F74418867185}"
EndProject
Project("{FAE04EC0-301F-11D3-BF4B-00C04F79EFBC}") = "QUESTION 5", "QUESTION 5\QUESTION 5.csproj", "{4E3C7BE7-FEC2-42B9-A6AA-D92DBC5EA4B3}"
EndProject
Project("{FAE04EC0-301F-11D3-BF4B-00C04F79EFBC}") = "QUESTION 6", "QUESTION 6\QUESTION 6.csproj", "{DC3254BE-A2E4-4A06-B7C2-93E78460FD6D}"
EndProject
Project("{FAE04EC0-301F-11D3-BF4B-00C04F79EFBC}") = "QUESTION 7", "QUESTION 7\QUESTION 7.csproj", "{EB98A064-16C8-4BE1-9667-1FA830B476CB}"
EndProject
Global
	GlobalSection(SolutionConfigurationPlatforms) = preSolution
		Debug|Any CPU = Debug|Any CPU
		Release|Any CPU = Release|Any CPU
	EndGlobalSection
	GlobalSection(ProjectConfigurationPlatforms) = postSolution
		{CBC138F7-D59A-420F-9EBE-6910B037F0FD}.Debug|Any CPU.ActiveCfg = Debug|Any CPU
		{CBC138F7-D59A-420F-9EBE-6910B037F0FD}.Debug|Any CPU.Build.0 = Debug|Any CPU
		{CBC138F7-D59A-420F-9EBE-6910B037F0FD}.Release|Any CPU.ActiveCfg = Release|Any CPU
		{CBC138F7-D59A-420F-9EBE-6910B037F0FD}.Release|Any CPU.Build.0 = Release|Any CPU
		{B85FB58C-F61D-4619-8353-108A02B45B10}.Debug|Any CPU.ActiveCfg = Debug|Any CPU
		{B85FB58C-F61D-4619-8353-108A02B45B10}.Debug|Any CPU.Build.0 = Debug|Any CPU
		{B85FB58C-F61D-4619-8353-108A02B45B10}.Release|Any CPU.ActiveCfg = Release|Any CPU
		{B85FB58C-F61D-4619-8353-108A02B45B10}.Release|Any CPU.Build.0 = Release|Any CPU
		{20415E99-A3B5-452F-A4A9-AC4C161EBB98}.Debug|Any CPU.ActiveCfg = Debug|Any CPU
		{20415E99-A3B5-452F-A4A9-AC4C161EBB98}.Debug|Any CPU.Build.0 = Debug|Any CPU
		{20415E99-A3B5-452F-A4A9-AC4C161EBB98}.Release|Any CPU.ActiveCfg = Release|Any CPU
		{20415E99-A3B5-452F-A4A9-AC4C161EBB98}.Release|Any CPU.Build.0 = Release|Any CPU
		{C4B6F114-111E-4A40-9013-5DD6E6DE3C77}.Debug|Any CPU.ActiveCfg = Debug|Any CPU
		{C4B6F114-111E-4A40-9013-5DD6E6DE3C77}.Debug|Any CPU.Build.0 = Debug|Any CPU
		{C4B6F114-111E-4A40-9013-5DD6E6DE3C77}.Release|Any CPU.ActiveCfg = Release|Any CPU
		{C4B6F114-111E-4A40-9013-5DD6E6DE3C77}.Release|Any CPU.Build.0 = Release|Any CPU
		{011DF9BD-BB31-4D86-B5AC-F74418867185}.Debug|Any CPU.ActiveCfg = Debug|Any CPU
		{011DF9BD-BB31-4D86-B5AC-F74418867185}.Debug|Any CPU.Build.0 = Debug|Any CPU
		{011DF9BD-BB31-4D86-B5AC-F74418867185}.Release|Any CPU.ActiveCfg = Release|Any CPU
		{011DF9BD-BB31-4D86-B5AC-F74418867185}.Release|Any CPU.Build.0 = Release|Any CPU
		{4E3C7BE7-FEC2-42B9-A6AA-D92DBC5EA4B3}.Debug|Any CPU.ActiveCfg = Debug|Any CPU
		{4E3C7BE7-FEC2-42B9-A6AA-D92DBC5EA4B3}.Debug|Any CPU.Build.0 = Debug|Any CPU
		{4E3C7BE7-FEC2-42B9-A6AA-D92DBC5EA4B3}.Release|Any CPU.ActiveCfg = Release|Any CPU
		{4E3C7BE7-FEC2-42B9-A6AA-D92DBC5EA4B3}.Release|Any CPU.Build.0 = Release|Any CPU
		{DC3254BE-A2E4-4A06-B7C2-93E78460FD6D}.Debug|Any CPU.ActiveCfg = Debug|Any CPU
		{DC3254BE-A2E4-4A06-B7C2-93E78460FD6D}.Debug|Any CPU.Build.0 = Debug|Any CPU
		{DC3254BE-A2E4-4A06-B7C2-93E78460FD6D}.Release|Any CPU.ActiveCfg = Release|Any CPU
		{DC3254BE-A2E4-4A06-B7C2-93E78460FD6D}.Release|Any CPU.Build.0 = Release|Any CPU
		{EB98A064-16C8-4BE1-9667-1FA830B476CB}.Debug|Any CPU.ActiveCfg = Debug|Any CPU
		{EB98A064-16C8-4BE1-9667-1FA830B476CB}.Debug|Any CPU.Build.0 = Debug|Any CPU
		{EB98A064-16C8-4BE1-9667-1FA830B476CB}.Release|Any CPU.ActiveCfg = Release|Any CPU
		{EB98A064-16C8-4BE1-9667-1FA830B476CB}.Release|Any CPU.Build.0 = Release|Any CPU
	EndGlobalSection
	GlobalSection(SolutionProperties) = preSolution
		HideSolutionNode = FALSE
	EndGlobalSection
	GlobalSection(ExtensibilityGlobals) = postSolution
		SolutionGuid = {DACBE7A7-468F-4A80-A311-DD5CEA447A8A}
	EndGlobalSection
EndGlobal
